
Microsoft Visual Studio Solution File, Format Version 12.00
# Visual Studio Version 17
VisualStudioVersion = 17.0.31903.59
MinimumVisualStudioVersion = 10.0.40219.1
Project("{FAE04EC0-301F-11D3-BF4B-00C04F79EFBC}") = "Forum.Api", "Forum.Api\Forum.Api.csproj", "{4C644C34-F3CA-491B-A406-E38079B4D1B7}"
EndProject
Project("{FAE04EC0-301F-11D3-BF4B-00C04F79EFBC}") = "Forum.Contracts", "Forum.Contracts\Forum.Contracts.csproj", "{449A21B2-2163-44A0-A1E0-9C210325B0EF}"
EndProject
Project("{FAE04EC0-301F-11D3-BF4B-00C04F79EFBC}") = "Forum.Models", "Forum.Models\Forum.Models.csproj", "{40E7FD3F-520D-40B8-953E-B1A34E366EDB}"
EndProject
Global
	GlobalSection(SolutionConfigurationPlatforms) = preSolution
		Debug|Any CPU = Debug|Any CPU
		Release|Any CPU = Release|Any CPU
	EndGlobalSection
	GlobalSection(SolutionProperties) = preSolution
		HideSolutionNode = FALSE
	EndGlobalSection
	GlobalSection(ProjectConfigurationPlatforms) = postSolution
		{4C644C34-F3CA-491B-A406-E38079B4D1B7}.Debug|Any CPU.ActiveCfg = Debug|Any CPU
		{4C644C34-F3CA-491B-A406-E38079B4D1B7}.Debug|Any CPU.Build.0 = Debug|Any CPU
		{4C644C34-F3CA-491B-A406-E38079B4D1B7}.Release|Any CPU.ActiveCfg = Release|Any CPU
		{4C644C34-F3CA-491B-A406-E38079B4D1B7}.Release|Any CPU.Build.0 = Release|Any CPU
		{449A21B2-2163-44A0-A1E0-9C210325B0EF}.Debug|Any CPU.ActiveCfg = Debug|Any CPU
		{449A21B2-2163-44A0-A1E0-9C210325B0EF}.Debug|Any CPU.Build.0 = Debug|Any CPU
		{449A21B2-2163-44A0-A1E0-9C210325B0EF}.Release|Any CPU.ActiveCfg = Release|Any CPU
		{449A21B2-2163-44A0-A1E0-9C210325B0EF}.Release|Any CPU.Build.0 = Release|Any CPU
		{40E7FD3F-520D-40B8-953E-B1A34E366EDB}.Debug|Any CPU.ActiveCfg = Debug|Any CPU
		{40E7FD3F-520D-40B8-953E-B1A34E366EDB}.Debug|Any CPU.Build.0 = Debug|Any CPU
		{40E7FD3F-520D-40B8-953E-B1A34E366EDB}.Release|Any CPU.ActiveCfg = Release|Any CPU
		{40E7FD3F-520D-40B8-953E-B1A34E366EDB}.Release|Any CPU.Build.0 = Release|Any CPU
	EndGlobalSection
EndGlobal
