
Microsoft Visual Studio Solution File, Format Version 12.00
# Visual Studio Version 17
VisualStudioVersion = 17.0.31903.59
MinimumVisualStudioVersion = 10.0.40219.1
Project("{9A19103F-16F7-4668-BE54-9A1E7A4F7556}") = "Forum.Api", "Forum.Api\Forum.Api.csproj", "{39953528-1AAD-485A-9154-806BCD307FD0}"
EndProject
Project("{9A19103F-16F7-4668-BE54-9A1E7A4F7556}") = "Forum.Application", "Forum.Application\Forum.Application.csproj", "{34F8A5E6-372A-4BBE-AA40-D276ED5A9A5C}"
EndProject
Project("{9A19103F-16F7-4668-BE54-9A1E7A4F7556}") = "Forum.Data", "Forum.Data\Forum.Data.csproj", "{10BCFF90-FAA7-4FA4-8D93-26AD0E7DCB96}"
EndProject
Project("{9A19103F-16F7-4668-BE54-9A1E7A4F7556}") = "Forum.Contracts", "Forum.Contracts\Forum.Contracts.csproj", "{C9C76912-15BC-4AF9-93B6-4EB1E56A6807}"
EndProject
Project("{9A19103F-16F7-4668-BE54-9A1E7A4F7556}") = "Forum.Infrastructure", "Forum.Infrastructure\Forum.Infrastructure.csproj", "{70EE2654-56B8-46D5-A0ED-A15262DAC6B0}"
EndProject
Project("{FAE04EC0-301F-11D3-BF4B-00C04F79EFBC}") = "Forum.Server", "Forum.Server\Forum.Server.csproj", "{150344ED-96E4-4697-91AA-35E24D5340F2}"
EndProject
Global
	GlobalSection(SolutionConfigurationPlatforms) = preSolution
		Debug|Any CPU = Debug|Any CPU
		Release|Any CPU = Release|Any CPU
	EndGlobalSection
	GlobalSection(ProjectConfigurationPlatforms) = postSolution
		{39953528-1AAD-485A-9154-806BCD307FD0}.Debug|Any CPU.ActiveCfg = Debug|Any CPU
		{39953528-1AAD-485A-9154-806BCD307FD0}.Debug|Any CPU.Build.0 = Debug|Any CPU
		{39953528-1AAD-485A-9154-806BCD307FD0}.Release|Any CPU.ActiveCfg = Release|Any CPU
		{39953528-1AAD-485A-9154-806BCD307FD0}.Release|Any CPU.Build.0 = Release|Any CPU
		{34F8A5E6-372A-4BBE-AA40-D276ED5A9A5C}.Debug|Any CPU.ActiveCfg = Debug|Any CPU
		{34F8A5E6-372A-4BBE-AA40-D276ED5A9A5C}.Debug|Any CPU.Build.0 = Debug|Any CPU
		{34F8A5E6-372A-4BBE-AA40-D276ED5A9A5C}.Release|Any CPU.ActiveCfg = Release|Any CPU
		{34F8A5E6-372A-4BBE-AA40-D276ED5A9A5C}.Release|Any CPU.Build.0 = Release|Any CPU
		{10BCFF90-FAA7-4FA4-8D93-26AD0E7DCB96}.Debug|Any CPU.ActiveCfg = Debug|Any CPU
		{10BCFF90-FAA7-4FA4-8D93-26AD0E7DCB96}.Debug|Any CPU.Build.0 = Debug|Any CPU
		{10BCFF90-FAA7-4FA4-8D93-26AD0E7DCB96}.Release|Any CPU.ActiveCfg = Release|Any CPU
		{10BCFF90-FAA7-4FA4-8D93-26AD0E7DCB96}.Release|Any CPU.Build.0 = Release|Any CPU
		{C9C76912-15BC-4AF9-93B6-4EB1E56A6807}.Debug|Any CPU.ActiveCfg = Debug|Any CPU
		{C9C76912-15BC-4AF9-93B6-4EB1E56A6807}.Debug|Any CPU.Build.0 = Debug|Any CPU
		{C9C76912-15BC-4AF9-93B6-4EB1E56A6807}.Release|Any CPU.ActiveCfg = Release|Any CPU
		{C9C76912-15BC-4AF9-93B6-4EB1E56A6807}.Release|Any CPU.Build.0 = Release|Any CPU
		{70EE2654-56B8-46D5-A0ED-A15262DAC6B0}.Debug|Any CPU.ActiveCfg = Debug|Any CPU
		{70EE2654-56B8-46D5-A0ED-A15262DAC6B0}.Debug|Any CPU.Build.0 = Debug|Any CPU
		{70EE2654-56B8-46D5-A0ED-A15262DAC6B0}.Release|Any CPU.ActiveCfg = Release|Any CPU
		{70EE2654-56B8-46D5-A0ED-A15262DAC6B0}.Release|Any CPU.Build.0 = Release|Any CPU
		{150344ED-96E4-4697-91AA-35E24D5340F2}.Debug|Any CPU.ActiveCfg = Debug|Any CPU
		{150344ED-96E4-4697-91AA-35E24D5340F2}.Debug|Any CPU.Build.0 = Debug|Any CPU
		{150344ED-96E4-4697-91AA-35E24D5340F2}.Release|Any CPU.ActiveCfg = Release|Any CPU
		{150344ED-96E4-4697-91AA-35E24D5340F2}.Release|Any CPU.Build.0 = Release|Any CPU
	EndGlobalSection
	GlobalSection(SolutionProperties) = preSolution
		HideSolutionNode = FALSE
	EndGlobalSection
	GlobalSection(ExtensibilityGlobals) = postSolution
		SolutionGuid = {8169CF05-0E8E-4CA5-B2BA-D617F1B63022}
	EndGlobalSection
EndGlobal
